
Microsoft Visual Studio Solution File, Format Version 9.00
# Visual Studio 2005
Project("{FAE04EC0-301F-11D3-BF4B-00C04F79EFBC}") = "Buffalo.DB", "..\..\SourceCode\Buffalo.DB\Buffalo.DB.csproj", "{9B0043E4-883B-47BA-9A5A-5110C8583902}"
EndProject
Project("{FAE04EC0-301F-11D3-BF4B-00C04F79EFBC}") = "Buffalo.Kernel", "..\..\SourceCode\Buffalo.Kernel\Buffalo.Kernel.csproj", "{6EC04216-A422-4751-AA81-1211DCB10BAB}"
EndProject
Project("{FAE04EC0-301F-11D3-BF4B-00C04F79EFBC}") = "Buffalo.Permissions", "..\..\SourceCode\Buffalo.Permissions\Buffalo.Permissions.csproj", "{867FB7C9-CBE1-4C5A-A487-DA7EC2B8CA93}"
EndProject
Project("{FAE04EC0-301F-11D3-BF4B-00C04F79EFBC}") = "Buffalo.WebKernel", "..\..\SourceCode\Buffalo.WebKernel\Buffalo.WebKernel.csproj", "{CBD39541-7A26-4C92-A369-0F2DF5D13030}"
EndProject
Project("{FAE04EC0-301F-11D3-BF4B-00C04F79EFBC}") = "Buffalo.WebControls", "..\..\SourceCode\Buffalo.WebControls\Buffalo.WebControls.csproj", "{533404A2-5255-478A-9F57-F4C37EBD6DBF}"
EndProject
Project("{FAE04EC0-301F-11D3-BF4B-00C04F79EFBC}") = "WindowsApplication1", "WindowsApplication1\WindowsApplication1.csproj", "{044F3CCA-3209-4D37-98C2-9E10CECC3AFF}"
EndProject
Global
	GlobalSection(SolutionConfigurationPlatforms) = preSolution
		Debug|.NET = Debug|.NET
		Debug|Any CPU = Debug|Any CPU
		Debug|Mixed Platforms = Debug|Mixed Platforms
		Release|.NET = Release|.NET
		Release|Any CPU = Release|Any CPU
		Release|Mixed Platforms = Release|Mixed Platforms
	EndGlobalSection
	GlobalSection(ProjectConfigurationPlatforms) = postSolution
		{9B0043E4-883B-47BA-9A5A-5110C8583902}.Debug|.NET.ActiveCfg = Debug|Any CPU
		{9B0043E4-883B-47BA-9A5A-5110C8583902}.Debug|Any CPU.ActiveCfg = Debug|Any CPU
		{9B0043E4-883B-47BA-9A5A-5110C8583902}.Debug|Any CPU.Build.0 = Debug|Any CPU
		{9B0043E4-883B-47BA-9A5A-5110C8583902}.Debug|Mixed Platforms.ActiveCfg = Debug|Any CPU
		{9B0043E4-883B-47BA-9A5A-5110C8583902}.Debug|Mixed Platforms.Build.0 = Debug|Any CPU
		{9B0043E4-883B-47BA-9A5A-5110C8583902}.Release|.NET.ActiveCfg = Release|Any CPU
		{9B0043E4-883B-47BA-9A5A-5110C8583902}.Release|Any CPU.ActiveCfg = Release|Any CPU
		{9B0043E4-883B-47BA-9A5A-5110C8583902}.Release|Any CPU.Build.0 = Release|Any CPU
		{9B0043E4-883B-47BA-9A5A-5110C8583902}.Release|Mixed Platforms.ActiveCfg = Release|Any CPU
		{9B0043E4-883B-47BA-9A5A-5110C8583902}.Release|Mixed Platforms.Build.0 = Release|Any CPU
		{6EC04216-A422-4751-AA81-1211DCB10BAB}.Debug|.NET.ActiveCfg = Debug|Any CPU
		{6EC04216-A422-4751-AA81-1211DCB10BAB}.Debug|Any CPU.ActiveCfg = Debug|Any CPU
		{6EC04216-A422-4751-AA81-1211DCB10BAB}.Debug|Any CPU.Build.0 = Debug|Any CPU
		{6EC04216-A422-4751-AA81-1211DCB10BAB}.Debug|Mixed Platforms.ActiveCfg = Debug|Any CPU
		{6EC04216-A422-4751-AA81-1211DCB10BAB}.Debug|Mixed Platforms.Build.0 = Debug|Any CPU
		{6EC04216-A422-4751-AA81-1211DCB10BAB}.Release|.NET.ActiveCfg = Release|Any CPU
		{6EC04216-A422-4751-AA81-1211DCB10BAB}.Release|Any CPU.ActiveCfg = Release|Any CPU
		{6EC04216-A422-4751-AA81-1211DCB10BAB}.Release|Any CPU.Build.0 = Release|Any CPU
		{6EC04216-A422-4751-AA81-1211DCB10BAB}.Release|Mixed Platforms.ActiveCfg = Release|Any CPU
		{6EC04216-A422-4751-AA81-1211DCB10BAB}.Release|Mixed Platforms.Build.0 = Release|Any CPU
		{867FB7C9-CBE1-4C5A-A487-DA7EC2B8CA93}.Debug|.NET.ActiveCfg = Debug|Any CPU
		{867FB7C9-CBE1-4C5A-A487-DA7EC2B8CA93}.Debug|Any CPU.ActiveCfg = Debug|Any CPU
		{867FB7C9-CBE1-4C5A-A487-DA7EC2B8CA93}.Debug|Any CPU.Build.0 = Debug|Any CPU
		{867FB7C9-CBE1-4C5A-A487-DA7EC2B8CA93}.Debug|Mixed Platforms.ActiveCfg = Debug|Any CPU
		{867FB7C9-CBE1-4C5A-A487-DA7EC2B8CA93}.Debug|Mixed Platforms.Build.0 = Debug|Any CPU
		{867FB7C9-CBE1-4C5A-A487-DA7EC2B8CA93}.Release|.NET.ActiveCfg = Release|Any CPU
		{867FB7C9-CBE1-4C5A-A487-DA7EC2B8CA93}.Release|Any CPU.ActiveCfg = Release|Any CPU
		{867FB7C9-CBE1-4C5A-A487-DA7EC2B8CA93}.Release|Any CPU.Build.0 = Release|Any CPU
		{867FB7C9-CBE1-4C5A-A487-DA7EC2B8CA93}.Release|Mixed Platforms.ActiveCfg = Release|Any CPU
		{867FB7C9-CBE1-4C5A-A487-DA7EC2B8CA93}.Release|Mixed Platforms.Build.0 = Release|Any CPU
		{CBD39541-7A26-4C92-A369-0F2DF5D13030}.Debug|.NET.ActiveCfg = Debug|Any CPU
		{CBD39541-7A26-4C92-A369-0F2DF5D13030}.Debug|Any CPU.ActiveCfg = Debug|Any CPU
		{CBD39541-7A26-4C92-A369-0F2DF5D13030}.Debug|Any CPU.Build.0 = Debug|Any CPU
		{CBD39541-7A26-4C92-A369-0F2DF5D13030}.Debug|Mixed Platforms.ActiveCfg = Debug|Any CPU
		{CBD39541-7A26-4C92-A369-0F2DF5D13030}.Debug|Mixed Platforms.Build.0 = Debug|Any CPU
		{CBD39541-7A26-4C92-A369-0F2DF5D13030}.Release|.NET.ActiveCfg = Release|Any CPU
		{CBD39541-7A26-4C92-A369-0F2DF5D13030}.Release|Any CPU.ActiveCfg = Release|Any CPU
		{CBD39541-7A26-4C92-A369-0F2DF5D13030}.Release|Any CPU.Build.0 = Release|Any CPU
		{CBD39541-7A26-4C92-A369-0F2DF5D13030}.Release|Mixed Platforms.ActiveCfg = Release|Any CPU
		{CBD39541-7A26-4C92-A369-0F2DF5D13030}.Release|Mixed Platforms.Build.0 = Release|Any CPU
		{533404A2-5255-478A-9F57-F4C37EBD6DBF}.Debug|.NET.ActiveCfg = Debug|Any CPU
		{533404A2-5255-478A-9F57-F4C37EBD6DBF}.Debug|Any CPU.ActiveCfg = Debug|Any CPU
		{533404A2-5255-478A-9F57-F4C37EBD6DBF}.Debug|Any CPU.Build.0 = Debug|Any CPU
		{533404A2-5255-478A-9F57-F4C37EBD6DBF}.Debug|Mixed Platforms.ActiveCfg = Debug|Any CPU
		{533404A2-5255-478A-9F57-F4C37EBD6DBF}.Debug|Mixed Platforms.Build.0 = Debug|Any CPU
		{533404A2-5255-478A-9F57-F4C37EBD6DBF}.Release|.NET.ActiveCfg = Release|Any CPU
		{533404A2-5255-478A-9F57-F4C37EBD6DBF}.Release|Any CPU.ActiveCfg = Release|Any CPU
		{533404A2-5255-478A-9F57-F4C37EBD6DBF}.Release|Any CPU.Build.0 = Release|Any CPU
		{533404A2-5255-478A-9F57-F4C37EBD6DBF}.Release|Mixed Platforms.ActiveCfg = Release|Any CPU
		{533404A2-5255-478A-9F57-F4C37EBD6DBF}.Release|Mixed Platforms.Build.0 = Release|Any CPU
		{044F3CCA-3209-4D37-98C2-9E10CECC3AFF}.Debug|.NET.ActiveCfg = Debug|Any CPU
		{044F3CCA-3209-4D37-98C2-9E10CECC3AFF}.Debug|Any CPU.ActiveCfg = Debug|Any CPU
		{044F3CCA-3209-4D37-98C2-9E10CECC3AFF}.Debug|Any CPU.Build.0 = Debug|Any CPU
		{044F3CCA-3209-4D37-98C2-9E10CECC3AFF}.Debug|Mixed Platforms.ActiveCfg = Debug|Any CPU
		{044F3CCA-3209-4D37-98C2-9E10CECC3AFF}.Debug|Mixed Platforms.Build.0 = Debug|Any CPU
		{044F3CCA-3209-4D37-98C2-9E10CECC3AFF}.Release|.NET.ActiveCfg = Release|Any CPU
		{044F3CCA-3209-4D37-98C2-9E10CECC3AFF}.Release|Any CPU.ActiveCfg = Release|Any CPU
		{044F3CCA-3209-4D37-98C2-9E10CECC3AFF}.Release|Any CPU.Build.0 = Release|Any CPU
		{044F3CCA-3209-4D37-98C2-9E10CECC3AFF}.Release|Mixed Platforms.ActiveCfg = Release|Any CPU
		{044F3CCA-3209-4D37-98C2-9E10CECC3AFF}.Release|Mixed Platforms.Build.0 = Release|Any CPU
	EndGlobalSection
	GlobalSection(SolutionProperties) = preSolution
		HideSolutionNode = FALSE
	EndGlobalSection
EndGlobal
